
Microsoft Visual Studio Solution File, Format Version 12.00
# Visual Studio Version 17
VisualStudioVersion = 17.11.35327.3
MinimumVisualStudioVersion = 10.0.40219.1
Project("{FAE04EC0-301F-11D3-BF4B-00C04F79EFBC}") = "ProductProject", "ProductProject.csproj", "{BFD4223B-FBC5-495F-9A02-4C8078EC483F}"
EndProject
Global
	GlobalSection(SolutionConfigurationPlatforms) = preSolution
		Debug|Any CPU = Debug|Any CPU
		Release|Any CPU = Release|Any CPU
	EndGlobalSection
	GlobalSection(ProjectConfigurationPlatforms) = postSolution
		{BFD4223B-FBC5-495F-9A02-4C8078EC483F}.Debug|Any CPU.ActiveCfg = Debug|Any CPU
		{BFD4223B-FBC5-495F-9A02-4C8078EC483F}.Debug|Any CPU.Build.0 = Debug|Any CPU
		{BFD4223B-FBC5-495F-9A02-4C8078EC483F}.Release|Any CPU.ActiveCfg = Release|Any CPU
		{BFD4223B-FBC5-495F-9A02-4C8078EC483F}.Release|Any CPU.Build.0 = Release|Any CPU
	EndGlobalSection
	GlobalSection(SolutionProperties) = preSolution
		HideSolutionNode = FALSE
	EndGlobalSection
	GlobalSection(ExtensibilityGlobals) = postSolution
		SolutionGuid = {CF124162-8F5A-4661-A8D1-42A51EED4281}
	EndGlobalSection
EndGlobal
